# This file is automatically @generated by Cargo.
# It is not intended for manual editing.
[[package]]
name = "str_overlap"
version = "0.1.1"
source = "registry+https://github.com/rust-lang/crates.io-index"
checksum = "76c29e6897f60d333e4250670486c29fe56b95b0b1da5d21fb9cf253327af5de"

[[package]]
name = "word_filter"
version = "0.1.0"
dependencies = [
 "str_overlap",
]
